github.com/vcoolwind/go_greet v1.0.0 h1:9H19QpwNLEF3ltWT5ICW1irZ8wL6F0r317ywheXKFMY=
github.com/vcoolwind/go_greet v1.0.0/go.mod h1:egzhWhza1oZlsIhwl+V3bkHh98JsPykc5xbboKo5YWc=
github.com/vcoolwind/go_greet v1.0.2 h1:jQB1cpChh/J/qPk+S5VpQBkIP0ifsnhAVEtZs0HYHig=
github.com/vcoolwind/go_greet v1.0.2/go.mod h1:egzhWhza1oZlsIhwl+V3bkHh98JsPykc5xbboKo5YWc=
github.com/vcoolwind/go_greet v1.1.1 h1:V0GPOnBoiiH157lxaAvC7LFco9I+pIVP/vRektXPUUk=
github.com/vcoolwind/go_greet v1.1.1/go.mod h1:egzhWhza1oZlsIhwl+V3bkHh98JsPykc5xbboKo5YWc=
github.com/vcoolwind/go_greet v1.1.2 h1:j7XOLIuTZGQJuLZwaWZUJLtR/QIWO1IkSuDWzEjSQC4=
github.com/vcoolwind/go_greet v1.1.2/go.mod h1:egzhWhza1oZlsIhwl+V3bkHh98JsPykc5xbboKo5YWc=
github.com/vcoolwind/go_greet v1.1.3 h1:dLj/w1ZYZV7jL5vBjM2R9/2o1bTpv+E0+4+h1srvVNc=
github.com/vcoolwind/go_greet v1.1.3/go.mod h1:egzhWhza1oZlsIhwl+V3bkHh98JsPykc5xbboKo5YWc=
